// !$*UTF8*$!
{
	archiveVersion = 1;
	classes = {
	};
	objectVersion = 56;
	objects = {

/* Begin PBXBuildFile section */
		7596BA362BD1115B00E76013 /* CircleImage.swift in Sources */ = {isa = PBXBuildFile; fileRef = 7596BA352BD1115B00E76013 /* CircleImage.swift */; };
		7596BA3A2BD1129C00E76013 /* MapView.swift in Sources */ = {isa = PBXBuildFile; fileRef = 7596BA392BD1129C00E76013 /* MapView.swift */; };
		7596BA3C2BD1179E00E76013 /* landmarkData.json in Resources */ = {isa = PBXBuildFile; fileRef = 7596BA3B2BD1179E00E76013 /* landmarkData.json */; };
		7596BA402BD1181900E76013 /* Landmark.swift in Sources */ = {isa = PBXBuildFile; fileRef = 7596BA3F2BD1181900E76013 /* Landmark.swift */; };
		7596BA422BD11C9A00E76013 /* ModelData.swift in Sources */ = {isa = PBXBuildFile; fileRef = 7596BA412BD11C9A00E76013 /* ModelData.swift */; };
		7596BA472BD11E0C00E76013 /* LandmarkRow.swift in Sources */ = {isa = PBXBuildFile; fileRef = 7596BA462BD11E0C00E76013 /* LandmarkRow.swift */; };
		7596BA492BD1223F00E76013 /* LandmarkList.swift in Sources */ = {isa = PBXBuildFile; fileRef = 7596BA482BD1223F00E76013 /* LandmarkList.swift */; };
		7596BA4B2BD1235B00E76013 /* LandmarkDetail.swift in Sources */ = {isa = PBXBuildFile; fileRef = 7596BA4A2BD1235B00E76013 /* LandmarkDetail.swift */; };
		7596BA4D2BD1D35500E76013 /* FavoriteButton.swift in Sources */ = {isa = PBXBuildFile; fileRef = 7596BA4C2BD1D35500E76013 /* FavoriteButton.swift */; };
		75A8B0E62BD1073D005CE01A /* LandmarksApp.swift in Sources */ = {isa = PBXBuildFile; fileRef = 75A8B0E52BD1073D005CE01A /* LandmarksApp.swift */; };
		75A8B0E82BD1073D005CE01A /* ContentView.swift in Sources */ = {isa = PBXBuildFile; fileRef = 75A8B0E72BD1073D005CE01A /* ContentView.swift */; };
		75A8B0EA2BD1073E005CE01A /* Assets.xcassets in Resources */ = {isa = PBXBuildFile; fileRef = 75A8B0E92BD1073E005CE01A /* Assets.xcassets */; };
		75A8B0ED2BD1073E005CE01A /* Preview Assets.xcassets in Resources */ = {isa = PBXBuildFile; fileRef = 75A8B0EC2BD1073E005CE01A /* Preview Assets.xcassets */; };
		75A8B0F72BD1073E005CE01A /* LandmarksTests.swift in Sources */ = {isa = PBXBuildFile; fileRef = 75A8B0F62BD1073E005CE01A /* LandmarksTests.swift */; };
		75A8B1012BD1073F005CE01A /* LandmarksUITests.swift in Sources */ = {isa = PBXBuildFile; fileRef = 75A8B1002BD1073F005CE01A /* LandmarksUITests.swift */; };
		75A8B1032BD1073F005CE01A /* LandmarksUITestsLaunchTests.swift in Sources */ = {isa = PBXBuildFile; fileRef = 75A8B1022BD1073F005CE01A /* LandmarksUITestsLaunchTests.swift */; };
/* End PBXBuildFile section */

/* Begin PBXContainerItemProxy section */
		75A8B0F32BD1073E005CE01A /* PBXContainerItemProxy */ = {
			isa = PBXContainerItemProxy;
			containerPortal = 75A8B0DA2BD1073D005CE01A /* Project object */;
			proxyType = 1;
			remoteGlobalIDString = 75A8B0E12BD1073D005CE01A;
			remoteInfo = Landmarks;
		};
		75A8B0FD2BD1073F005CE01A /* PBXContainerItemProxy */ = {
			isa = PBXContainerItemProxy;
			containerPortal = 75A8B0DA2BD1073D005CE01A /* Project object */;
			proxyType = 1;
			remoteGlobalIDString = 75A8B0E12BD1073D005CE01A;
			remoteInfo = Landmarks;
		};
/* End PBXContainerItemProxy section */

/* Begin PBXFileReference section */
		7596BA352BD1115B00E76013 /* CircleImage.swift */ = {isa = PBXFileReference; lastKnownFileType = sourcecode.swift; path = CircleImage.swift; sourceTree = "<group>"; };
		7596BA392BD1129C00E76013 /* MapView.swift */ = {isa = PBXFileReference; lastKnownFileType = sourcecode.swift; path = MapView.swift; sourceTree = "<group>"; };
		7596BA3B2BD1179E00E76013 /* landmarkData.json */ = {isa = PBXFileReference; fileEncoding = 4; lastKnownFileType = text.json; path = landmarkData.json; sourceTree = "<group>"; };
		7596BA3F2BD1181900E76013 /* Landmark.swift */ = {isa = PBXFileReference; lastKnownFileType = sourcecode.swift; path = Landmark.swift; sourceTree = "<group>"; };
		7596BA412BD11C9A00E76013 /* ModelData.swift */ = {isa = PBXFileReference; lastKnownFileType = sourcecode.swift; path = ModelData.swift; sourceTree = "<group>"; };
		7596BA462BD11E0C00E76013 /* LandmarkRow.swift */ = {isa = PBXFileReference; lastKnownFileType = sourcecode.swift; path = LandmarkRow.swift; sourceTree = "<group>"; };
		7596BA482BD1223F00E76013 /* LandmarkList.swift */ = {isa = PBXFileReference; lastKnownFileType = sourcecode.swift; path = LandmarkList.swift; sourceTree = "<group>"; };
		7596BA4A2BD1235B00E76013 /* LandmarkDetail.swift */ = {isa = PBXFileReference; lastKnownFileType = sourcecode.swift; path = LandmarkDetail.swift; sourceTree = "<group>"; };
		7596BA4C2BD1D35500E76013 /* FavoriteButton.swift */ = {isa = PBXFileReference; lastKnownFileType = sourcecode.swift; path = FavoriteButton.swift; sourceTree = "<group>"; };
		75A8B0E22BD1073D005CE01A /* Landmarks.app */ = {isa = PBXFileReference; explicitFileType = wrapper.application; includeInIndex = 0; path = Landmarks.app; sourceTree = BUILT_PRODUCTS_DIR; };
		75A8B0E52BD1073D005CE01A /* LandmarksApp.swift */ = {isa = PBXFileReference; lastKnownFileType = sourcecode.swift; path = LandmarksApp.swift; sourceTree = "<group>"; };
		75A8B0E72BD1073D005CE01A /* ContentView.swift */ = {isa = PBXFileReference; lastKnownFileType = sourcecode.swift; path = ContentView.swift; sourceTree = "<group>"; };
		75A8B0E92BD1073E005CE01A /* Assets.xcassets */ = {isa = PBXFileReference; lastKnownFileType = folder.assetcatalog; path = Assets.xcassets; sourceTree = "<group>"; };
		75A8B0EC2BD1073E005CE01A /* Preview Assets.xcassets */ = {isa = PBXFileReference; lastKnownFileType = folder.assetcatalog; path = "Preview Assets.xcassets"; sourceTree = "<group>"; };
		75A8B0F22BD1073E005CE01A /* LandmarksTests.xctest */ = {isa = PBXFileReference; explicitFileType = wrapper.cfbundle; includeInIndex = 0; path = LandmarksTests.xctest; sourceTree = BUILT_PRODUCTS_DIR; };
		75A8B0F62BD1073E005CE01A /* LandmarksTests.swift */ = {isa = PBXFileReference; lastKnownFileType = sourcecode.swift; path = LandmarksTests.swift; sourceTree = "<group>"; };
		75A8B0FC2BD1073F005CE01A /* LandmarksUITests.xctest */ = {isa = PBXFileReference; explicitFileType = wrapper.cfbundle; includeInIndex = 0; path = LandmarksUITests.xctest; sourceTree = BUILT_PRODUCTS_DIR; };
		75A8B1002BD1073F005CE01A /* LandmarksUITests.swift */ = {isa = PBXFileReference; lastKnownFileType = sourcecode.swift; path = LandmarksUITests.swift; sourceTree = "<group>"; };
		75A8B1022BD1073F005CE01A /* LandmarksUITestsLaunchTests.swift */ = {isa = PBXFileReference; lastKnownFileType = sourcecode.swift; path = LandmarksUITestsLaunchTests.swift; sourceTree = "<group>"; };
/* End PBXFileReference section */

/* Begin PBXFrameworksBuildPhase section */
		75A8B0DF2BD1073D005CE01A /* Frameworks */ = {
			isa = PBXFrameworksBuildPhase;
			buildActionMask = 2147483647;
			files = (
			);
			runOnlyForDeploymentPostprocessing = 0;
		};
		75A8B0EF2BD1073E005CE01A /* Frameworks */ = {
			isa = PBXFrameworksBuildPhase;
			buildActionMask = 2147483647;
			files = (
			);
			runOnlyForDeploymentPostprocessing = 0;
		};
		75A8B0F92BD1073F005CE01A /* Frameworks */ = {
			isa = PBXFrameworksBuildPhase;
			buildActionMask = 2147483647;
			files = (
			);
			runOnlyForDeploymentPostprocessing = 0;
		};
/* End PBXFrameworksBuildPhase section */

/* Begin PBXGroup section */
		7596BA432BD11D1800E76013 /* Views */ = {
			isa = PBXGroup;
			children = (
				75A8B0E72BD1073D005CE01A /* ContentView.swift */,
				7596BA4E2BD1D46600E76013 /* Helper */,
				7596BA4F2BD1D47C00E76013 /* Landmarks */,
			);
			path = Views;
			sourceTree = "<group>";
		};
		7596BA442BD11D4800E76013 /* Model */ = {
			isa = PBXGroup;
			children = (
				7596BA3F2BD1181900E76013 /* Landmark.swift */,
				7596BA412BD11C9A00E76013 /* ModelData.swift */,
			);
			path = Model;
			sourceTree = "<group>";
		};
		7596BA452BD11D5800E76013 /* Resources */ = {
			isa = PBXGroup;
			children = (
				7596BA3B2BD1179E00E76013 /* landmarkData.json */,
			);
			path = Resources;
			sourceTree = "<group>";
		};
		7596BA4E2BD1D46600E76013 /* Helper */ = {
			isa = PBXGroup;
			children = (
				7596BA352BD1115B00E76013 /* CircleImage.swift */,
				7596BA392BD1129C00E76013 /* MapView.swift */,
				7596BA4C2BD1D35500E76013 /* FavoriteButton.swift */,
			);
			path = Helper;
			sourceTree = "<group>";
		};
		7596BA4F2BD1D47C00E76013 /* Landmarks */ = {
			isa = PBXGroup;
			children = (
				7596BA462BD11E0C00E76013 /* LandmarkRow.swift */,
				7596BA482BD1223F00E76013 /* LandmarkList.swift */,
				7596BA4A2BD1235B00E76013 /* LandmarkDetail.swift */,
			);
			path = Landmarks;
			sourceTree = "<group>";
		};
		75A8B0D92BD1073D005CE01A = {
			isa = PBXGroup;
			children = (
				75A8B0E42BD1073D005CE01A /* Landmarks */,
				75A8B0F52BD1073E005CE01A /* LandmarksTests */,
				75A8B0FF2BD1073F005CE01A /* LandmarksUITests */,
				75A8B0E32BD1073D005CE01A /* Products */,
			);
			sourceTree = "<group>";
		};
		75A8B0E32BD1073D005CE01A /* Products */ = {
			isa = PBXGroup;
			children = (
				75A8B0E22BD1073D005CE01A /* Landmarks.app */,
				75A8B0F22BD1073E005CE01A /* LandmarksTests.xctest */,
				75A8B0FC2BD1073F005CE01A /* LandmarksUITests.xctest */,
			);
			name = Products;
			sourceTree = "<group>";
		};
		75A8B0E42BD1073D005CE01A /* Landmarks */ = {
			isa = PBXGroup;
			children = (
				75A8B0E52BD1073D005CE01A /* LandmarksApp.swift */,
				7596BA442BD11D4800E76013 /* Model */,
				7596BA452BD11D5800E76013 /* Resources */,
				75A8B0E92BD1073E005CE01A /* Assets.xcassets */,
				7596BA432BD11D1800E76013 /* Views */,
				75A8B0EB2BD1073E005CE01A /* Preview Content */,
			);
			path = Landmarks;
			sourceTree = "<group>";
		};
		75A8B0EB2BD1073E005CE01A /* Preview Content */ = {
			isa = PBXGroup;
			children = (
				75A8B0EC2BD1073E005CE01A /* Preview Assets.xcassets */,
			);
			path = "Preview Content";
			sourceTree = "<group>";
		};
		75A8B0F52BD1073E005CE01A /* LandmarksTests */ = {
			isa = PBXGroup;
			children = (
				75A8B0F62BD1073E005CE01A /* LandmarksTests.swift */,
			);
			path = LandmarksTests;
			sourceTree = "<group>";
		};
		75A8B0FF2BD1073F005CE01A /* LandmarksUITests */ = {
			isa = PBXGroup;
			children = (
				75A8B1002BD1073F005CE01A /* LandmarksUITests.swift */,
				75A8B1022BD1073F005CE01A /* LandmarksUITestsLaunchTests.swift */,
			);
			path = LandmarksUITests;
			sourceTree = "<group>";
		};
/* End PBXGroup section */

/* Begin PBXNativeTarget section */
		75A8B0E12BD1073D005CE01A /* Landmarks */ = {
			isa = PBXNativeTarget;
			buildConfigurationList = 75A8B1062BD1073F005CE01A /* Build configuration list for PBXNativeTarget "Landmarks" */;
			buildPhases = (
				75A8B0DE2BD1073D005CE01A /* Sources */,
				75A8B0DF2BD1073D005CE01A /* Frameworks */,
				75A8B0E02BD1073D005CE01A /* Resources */,
			);
			buildRules = (
			);
			dependencies = (
			);
			name = Landmarks;
			productName = Landmarks;
			productReference = 75A8B0E22BD1073D005CE01A /* Landmarks.app */;
			productType = "com.apple.product-type.application";
		};
		75A8B0F12BD1073E005CE01A /* LandmarksTests */ = {
			isa = PBXNativeTarget;
			buildConfigurationList = 75A8B1092BD1073F005CE01A /* Build configuration list for PBXNativeTarget "LandmarksTests" */;
			buildPhases = (
				75A8B0EE2BD1073E005CE01A /* Sources */,
				75A8B0EF2BD1073E005CE01A /* Frameworks */,
				75A8B0F02BD1073E005CE01A /* Resources */,
			);
			buildRules = (
			);
			dependencies = (
				75A8B0F42BD1073E005CE01A /* PBXTargetDependency */,
			);
			name = LandmarksTests;
			productName = LandmarksTests;
			productReference = 75A8B0F22BD1073E005CE01A /* LandmarksTests.xctest */;
			productType = "com.apple.product-type.bundle.unit-test";
		};
		75A8B0FB2BD1073F005CE01A /* LandmarksUITests */ = {
			isa = PBXNativeTarget;
			buildConfigurationList = 75A8B10C2BD1073F005CE01A /* Build configuration list for PBXNativeTarget "LandmarksUITests" */;
			buildPhases = (
				75A8B0F82BD1073F005CE01A /* Sources */,
				75A8B0F92BD1073F005CE01A /* Frameworks */,
				75A8B0FA2BD1073F005CE01A /* Resources */,
			);
			buildRules = (
			);
			dependencies = (
				75A8B0FE2BD1073F005CE01A /* PBXTargetDependency */,
			);
			name = LandmarksUITests;
			productName = LandmarksUITests;
			productReference = 75A8B0FC2BD1073F005CE01A /* LandmarksUITests.xctest */;
			productType = "com.apple.product-type.bundle.ui-testing";
		};
/* End PBXNativeTarget section */

/* Begin PBXProject section */
		75A8B0DA2BD1073D005CE01A /* Project object */ = {
			isa = PBXProject;
			attributes = {
				BuildIndependentTargetsInParallel = 1;
				LastSwiftUpdateCheck = 1530;
				LastUpgradeCheck = 1530;
				TargetAttributes = {
					75A8B0E12BD1073D005CE01A = {
						CreatedOnToolsVersion = 15.3;
					};
					75A8B0F12BD1073E005CE01A = {
						CreatedOnToolsVersion = 15.3;
						TestTargetID = 75A8B0E12BD1073D005CE01A;
					};
					75A8B0FB2BD1073F005CE01A = {
						CreatedOnToolsVersion = 15.3;
						TestTargetID = 75A8B0E12BD1073D005CE01A;
					};
				};
			};
			buildConfigurationList = 75A8B0DD2BD1073D005CE01A /* Build configuration list for PBXProject "Landmarks" */;
			compatibilityVersion = "Xcode 14.0";
			developmentRegion = en;
			hasScannedForEncodings = 0;
			knownRegions = (
				en,
				Base,
			);
			mainGroup = 75A8B0D92BD1073D005CE01A;
			productRefGroup = 75A8B0E32BD1073D005CE01A /* Products */;
			projectDirPath = "";
			projectRoot = "";
			targets = (
				75A8B0E12BD1073D005CE01A /* Landmarks */,
				75A8B0F12BD1073E005CE01A /* LandmarksTests */,
				75A8B0FB2BD1073F005CE01A /* LandmarksUITests */,
			);
		};
/* End PBXProject section */

/* Begin PBXResourcesBuildPhase section */
		75A8B0E02BD1073D005CE01A /* Resources */ = {
			isa = PBXResourcesBuildPhase;
			buildActionMask = 2147483647;
			files = (
				75A8B0ED2BD1073E005CE01A /* Preview Assets.xcassets in Resources */,
				75A8B0EA2BD1073E005CE01A /* Assets.xcassets in Resources */,
				7596BA3C2BD1179E00E76013 /* landmarkData.json in Resources */,
			);
			runOnlyForDeploymentPostprocessing = 0;
		};
		75A8B0F02BD1073E005CE01A /* Resources */ = {
			isa = PBXResourcesBuildPhase;
			buildActionMask = 2147483647;
			files = (
			);
			runOnlyForDeploymentPostprocessing = 0;
		};
		75A8B0FA2BD1073F005CE01A /* Resources */ = {
			isa = PBXResourcesBuildPhase;
			buildActionMask = 2147483647;
			files = (
			);
			runOnlyForDeploymentPostprocessing = 0;
		};
/* End PBXResourcesBuildPhase section */

/* Begin PBXSourcesBuildPhase section */
		75A8B0DE2BD1073D005CE01A /* Sources */ = {
			isa = PBXSourcesBuildPhase;
			buildActionMask = 2147483647;
			files = (
				75A8B0E82BD1073D005CE01A /* ContentView.swift in Sources */,
				7596BA3A2BD1129C00E76013 /* MapView.swift in Sources */,
				75A8B0E62BD1073D005CE01A /* LandmarksApp.swift in Sources */,
				7596BA4D2BD1D35500E76013 /* FavoriteButton.swift in Sources */,
				7596BA492BD1223F00E76013 /* LandmarkList.swift in Sources */,
				7596BA4B2BD1235B00E76013 /* LandmarkDetail.swift in Sources */,
				7596BA362BD1115B00E76013 /* CircleImage.swift in Sources */,
				7596BA402BD1181900E76013 /* Landmark.swift in Sources */,
				7596BA472BD11E0C00E76013 /* LandmarkRow.swift in Sources */,
				7596BA422BD11C9A00E76013 /* ModelData.swift in Sources */,
			);
			runOnlyForDeploymentPostprocessing = 0;
		};
		75A8B0EE2BD1073E005CE01A /* Sources */ = {
			isa = PBXSourcesBuildPhase;
			buildActionMask = 2147483647;
			files = (
				75A8B0F72BD1073E005CE01A /* LandmarksTests.swift in Sources */,
			);
			runOnlyForDeploymentPostprocessing = 0;
		};
		75A8B0F82BD1073F005CE01A /* Sources */ = {
			isa = PBXSourcesBuildPhase;
			buildActionMask = 2147483647;
			files = (
				75A8B1032BD1073F005CE01A /* LandmarksUITestsLaunchTests.swift in Sources */,
				75A8B1012BD1073F005CE01A /* LandmarksUITests.swift in Sources */,
			);
			runOnlyForDeploymentPostprocessing = 0;
		};
/* End PBXSourcesBuildPhase section */

/* Begin PBXTargetDependency section */
		75A8B0F42BD1073E005CE01A /* PBXTargetDependency */ = {
			isa = PBXTargetDependency;
			target = 75A8B0E12BD1073D005CE01A /* Landmarks */;
			targetProxy = 75A8B0F32BD1073E005CE01A /* PBXContainerItemProxy */;
		};
		75A8B0FE2BD1073F005CE01A /* PBXTargetDependency */ = {
			isa = PBXTargetDependency;
			target = 75A8B0E12BD1073D005CE01A /* Landmarks */;
			targetProxy = 75A8B0FD2BD1073F005CE01A /* PBXContainerItemProxy */;
		};
/* End PBXTargetDependency section */

/* Begin XCBuildConfiguration section */
		75A8B1042BD1073F005CE01A /* Debug */ = {
			isa = XCBuildConfiguration;
			buildSettings = {
				ALWAYS_SEARCH_USER_PATHS = NO;
				ASSETCATALOG_COMPILER_GENERATE_SWIFT_ASSET_SYMBOL_EXTENSIONS = YES;
				CLANG_ANALYZER_NONNULL = YES;
				CLANG_ANALYZER_NUMBER_OBJECT_CONVERSION = YES_AGGRESSIVE;
				CLANG_CXX_LANGUAGE_STANDARD = "gnu++20";
				CLANG_ENABLE_MODULES = YES;
				CLANG_ENABLE_OBJC_ARC = YES;
				CLANG_ENABLE_OBJC_WEAK = YES;
				CLANG_WARN_BLOCK_CAPTURE_AUTORELEASING = YES;
				CLANG_WARN_BOOL_CONVERSION = YES;
				CLANG_WARN_COMMA = YES;
				CLANG_WARN_CONSTANT_CONVERSION = YES;
				CLANG_WARN_DEPRECATED_OBJC_IMPLEMENTATIONS = YES;
				CLANG_WARN_DIRECT_OBJC_ISA_USAGE = YES_ERROR;
				CLANG_WARN_DOCUMENTATION_COMMENTS = YES;
				CLANG_WARN_EMPTY_BODY = YES;
				CLANG_WARN_ENUM_CONVERSION = YES;
				CLANG_WARN_INFINITE_RECURSION = YES;
				CLANG_WARN_INT_CONVERSION = YES;
				CLANG_WARN_NON_LITERAL_NULL_CONVERSION = YES;
				CLANG_WARN_OBJC_IMPLICIT_RETAIN_SELF = YES;
				CLANG_WARN_OBJC_LITERAL_CONVERSION = YES;
				CLANG_WARN_OBJC_ROOT_CLASS = YES_ERROR;
				CLANG_WARN_QUOTED_INCLUDE_IN_FRAMEWORK_HEADER = YES;
				CLANG_WARN_RANGE_LOOP_ANALYSIS = YES;
				CLANG_WARN_STRICT_PROTOTYPES = YES;
				CLANG_WARN_SUSPICIOUS_MOVE = YES;
				CLANG_WARN_UNGUARDED_AVAILABILITY = YES_AGGRESSIVE;
				CLANG_WARN_UNREACHABLE_CODE = YES;
				CLANG_WARN__DUPLICATE_METHOD_MATCH = YES;
				COPY_PHASE_STRIP = NO;
				DEBUG_INFORMATION_FORMAT = dwarf;
				ENABLE_STRICT_OBJC_MSGSEND = YES;
				ENABLE_TESTABILITY = YES;
				ENABLE_USER_SCRIPT_SANDBOXING = YES;
				GCC_C_LANGUAGE_STANDARD = gnu17;
				GCC_DYNAMIC_NO_PIC = NO;
				GCC_NO_COMMON_BLOCKS = YES;
				GCC_OPTIMIZATION_LEVEL = 0;
				GCC_PREPROCESSOR_DEFINITIONS = (
					"DEBUG=1",
					"$(inherited)",
				);
				GCC_WARN_64_TO_32_BIT_CONVERSION = YES;
				GCC_WARN_ABOUT_RETURN_TYPE = YES_ERROR;
				GCC_WARN_UNDECLARED_SELECTOR = YES;
				GCC_WARN_UNINITIALIZED_AUTOS = YES_AGGRESSIVE;
				GCC_WARN_UNUSED_FUNCTION = YES;
				GCC_WARN_UNUSED_VARIABLE = YES;
				IPHONEOS_DEPLOYMENT_TARGET = 17.4;
				LOCALIZATION_PREFERS_STRING_CATALOGS = YES;
				MTL_ENABLE_DEBUG_INFO = INCLUDE_SOURCE;
				MTL_FAST_MATH = YES;
				ONLY_ACTIVE_ARCH = YES;
				SDKROOT = iphoneos;
				SWIFT_ACTIVE_COMPILATION_CONDITIONS = "DEBUG $(inherited)";
				SWIFT_OPTIMIZATION_LEVEL = "-Onone";
			};
			name = Debug;
		};
		75A8B1052BD1073F005CE01A /* Release */ = {
			isa = XCBuildConfiguration;
			buildSettings = {
				ALWAYS_SEARCH_USER_PATHS = NO;
				ASSETCATALOG_COMPILER_GENERATE_SWIFT_ASSET_SYMBOL_EXTENSIONS = YES;
				CLANG_ANALYZER_NONNULL = YES;
				CLANG_ANALYZER_NUMBER_OBJECT_CONVERSION = YES_AGGRESSIVE;
				CLANG_CXX_LANGUAGE_STANDARD = "gnu++20";
				CLANG_ENABLE_MODULES = YES;
				CLANG_ENABLE_OBJC_ARC = YES;
				CLANG_ENABLE_OBJC_WEAK = YES;
				CLANG_WARN_BLOCK_CAPTURE_AUTORELEASING = YES;
				CLANG_WARN_BOOL_CONVERSION = YES;
				CLANG_WARN_COMMA = YES;
				CLANG_WARN_CONSTANT_CONVERSION = YES;
				CLANG_WARN_DEPRECATED_OBJC_IMPLEMENTATIONS = YES;
				CLANG_WARN_DIRECT_OBJC_ISA_USAGE = YES_ERROR;
				CLANG_WARN_DOCUMENTATION_COMMENTS = YES;
				CLANG_WARN_EMPTY_BODY = YES;
				CLANG_WARN_ENUM_CONVERSION = YES;
				CLANG_WARN_INFINITE_RECURSION = YES;
				CLANG_WARN_INT_CONVERSION = YES;
				CLANG_WARN_NON_LITERAL_NULL_CONVERSION = YES;
				CLANG_WARN_OBJC_IMPLICIT_RETAIN_SELF = YES;
				CLANG_WARN_OBJC_LITERAL_CONVERSION = YES;
				CLANG_WARN_OBJC_ROOT_CLASS = YES_ERROR;
				CLANG_WARN_QUOTED_INCLUDE_IN_FRAMEWORK_HEADER = YES;
				CLANG_WARN_RANGE_LOOP_ANALYSIS = YES;
				CLANG_WARN_STRICT_PROTOTYPES = YES;
				CLANG_WARN_SUSPICIOUS_MOVE = YES;
				CLANG_WARN_UNGUARDED_AVAILABILITY = YES_AGGRESSIVE;
				CLANG_WARN_UNREACHABLE_CODE = YES;
				CLANG_WARN__DUPLICATE_METHOD_MATCH = YES;
				COPY_PHASE_STRIP = NO;
				DEBUG_INFORMATION_FORMAT = "dwarf-with-dsym";
				ENABLE_NS_ASSERTIONS = NO;
				ENABLE_STRICT_OBJC_MSGSEND = YES;
				ENABLE_USER_SCRIPT_SANDBOXING = YES;
				GCC_C_LANGUAGE_STANDARD = gnu17;
				GCC_NO_COMMON_BLOCKS = YES;
				GCC_WARN_64_TO_32_BIT_CONVERSION = YES;
				GCC_WARN_ABOUT_RETURN_TYPE = YES_ERROR;
				GCC_WARN_UNDECLARED_SELECTOR = YES;
				GCC_WARN_UNINITIALIZED_AUTOS = YES_AGGRESSIVE;
				GCC_WARN_UNUSED_FUNCTION = YES;
				GCC_WARN_UNUSED_VARIABLE = YES;
				IPHONEOS_DEPLOYMENT_TARGET = 17.4;
				LOCALIZATION_PREFERS_STRING_CATALOGS = YES;
				MTL_ENABLE_DEBUG_INFO = NO;
				MTL_FAST_MATH = YES;
				SDKROOT = iphoneos;
				SWIFT_COMPILATION_MODE = wholemodule;
				VALIDATE_PRODUCT = YES;
			};
			name = Release;
		};
		75A8B1072BD1073F005CE01A /* Debug */ = {
			isa = XCBuildConfiguration;
			buildSettings = {
				ASSETCATALOG_COMPILER_APPICON_NAME = AppIcon;
				ASSETCATALOG_COMPILER_GLOBAL_ACCENT_COLOR_NAME = AccentColor;
				CODE_SIGN_STYLE = Automatic;
				CURRENT_PROJECT_VERSION = 1;
				DEVELOPMENT_ASSET_PATHS = "\"Landmarks/Preview Content\"";
				ENABLE_PREVIEWS = YES;
				GENERATE_INFOPLIST_FILE = YES;
				INFOPLIST_KEY_UIApplicationSceneManifest_Generation = YES;
				INFOPLIST_KEY_UIApplicationSupportsIndirectInputEvents = YES;
				INFOPLIST_KEY_UILaunchScreen_Generation = YES;
				INFOPLIST_KEY_UISupportedInterfaceOrientations_iPad = "UIInterfaceOrientationPortrait UIInterfaceOrientationPortraitUpsideDown UIInterfaceOrientationLandscapeLeft UIInterfaceOrientationLandscapeRight";
				INFOPLIST_KEY_UISupportedInterfaceOrientations_iPhone = "UIInterfaceOrientationPortrait UIInterfaceOrientationLandscapeLeft UIInterfaceOrientationLandscapeRight";
				LD_RUNPATH_SEARCH_PATHS = (
					"$(inherited)",
					"@executable_path/Frameworks",
				);
				MARKETING_VERSION = 1.0;
				PRODUCT_BUNDLE_IDENTIFIER = com.pockylee.Landmarks;
				PRODUCT_NAME = "$(TARGET_NAME)";
				SWIFT_EMIT_LOC_STRINGS = YES;
				SWIFT_VERSION = 5.0;
				TARGETED_DEVICE_FAMILY = "1,2";
			};
			name = Debug;
		};
		75A8B1082BD1073F005CE01A /* Release */ = {
			isa = XCBuildConfiguration;
			buildSettings = {
				ASSETCATALOG_COMPILER_APPICON_NAME = AppIcon;
				ASSETCATALOG_COMPILER_GLOBAL_ACCENT_COLOR_NAME = AccentColor;
				CODE_SIGN_STYLE = Automatic;
				CURRENT_PROJECT_VERSION = 1;
				DEVELOPMENT_ASSET_PATHS = "\"Landmarks/Preview Content\"";
				ENABLE_PREVIEWS = YES;
				GENERATE_INFOPLIST_FILE = YES;
				INFOPLIST_KEY_UIApplicationSceneManifest_Generation = YES;
				INFOPLIST_KEY_UIApplicationSupportsIndirectInputEvents = YES;
				INFOPLIST_KEY_UILaunchScreen_Generation = YES;
				INFOPLIST_KEY_UISupportedInterfaceOrientations_iPad = "UIInterfaceOrientationPortrait UIInterfaceOrientationPortraitUpsideDown UIInterfaceOrientationLandscapeLeft UIInterfaceOrientationLandscapeRight";
				INFOPLIST_KEY_UISupportedInterfaceOrientations_iPhone = "UIInterfaceOrientationPortrait UIInterfaceOrientationLandscapeLeft UIInterfaceOrientationLandscapeRight";
				LD_RUNPATH_SEARCH_PATHS = (
					"$(inherited)",
					"@executable_path/Frameworks",
				);
				MARKETING_VERSION = 1.0;
				PRODUCT_BUNDLE_IDENTIFIER = com.pockylee.Landmarks;
				PRODUCT_NAME = "$(TARGET_NAME)";
				SWIFT_EMIT_LOC_STRINGS = YES;
				SWIFT_VERSION = 5.0;
				TARGETED_DEVICE_FAMILY = "1,2";
			};
			name = Release;
		};
		75A8B10A2BD1073F005CE01A /* Debug */ = {
			isa = XCBuildConfiguration;
			buildSettings = {
				ALWAYS_EMBED_SWIFT_STANDARD_LIBRARIES = YES;
				BUNDLE_LOADER = "$(TEST_HOST)";
				CODE_SIGN_STYLE = Automatic;
				CURRENT_PROJECT_VERSION = 1;
				GENERATE_INFOPLIST_FILE = YES;
				IPHONEOS_DEPLOYMENT_TARGET = 17.4;
				MARKETING_VERSION = 1.0;
				PRODUCT_BUNDLE_IDENTIFIER = com.pockylee.LandmarksTests;
				PRODUCT_NAME = "$(TARGET_NAME)";
				SWIFT_EMIT_LOC_STRINGS = NO;
				SWIFT_VERSION = 5.0;
				TARGETED_DEVICE_FAMILY = "1,2";
				TEST_HOST = "$(BUILT_PRODUCTS_DIR)/Landmarks.app/$(BUNDLE_EXECUTABLE_FOLDER_PATH)/Landmarks";
			};
			name = Debug;
		};
		75A8B10B2BD1073F005CE01A /* Release */ = {
			isa = XCBuildConfiguration;
			buildSettings = {
				ALWAYS_EMBED_SWIFT_STANDARD_LIBRARIES = YES;
				BUNDLE_LOADER = "$(TEST_HOST)";
				CODE_SIGN_STYLE = Automatic;
				CURRENT_PROJECT_VERSION = 1;
				GENERATE_INFOPLIST_FILE = YES;
				IPHONEOS_DEPLOYMENT_TARGET = 17.4;
				MARKETING_VERSION = 1.0;
				PRODUCT_BUNDLE_IDENTIFIER = com.pockylee.LandmarksTests;
				PRODUCT_NAME = "$(TARGET_NAME)";
				SWIFT_EMIT_LOC_STRINGS = NO;
				SWIFT_VERSION = 5.0;
				TARGETED_DEVICE_FAMILY = "1,2";
				TEST_HOST = "$(BUILT_PRODUCTS_DIR)/Landmarks.app/$(BUNDLE_EXECUTABLE_FOLDER_PATH)/Landmarks";
			};
			name = Release;
		};
		75A8B10D2BD1073F005CE01A /* Debug */ = {
			isa = XCBuildConfiguration;
			buildSettings = {
				ALWAYS_EMBED_SWIFT_STANDARD_LIBRARIES = YES;
				CODE_SIGN_STYLE = Automatic;
				CURRENT_PROJECT_VERSION = 1;
				GENERATE_INFOPLIST_FILE = YES;
				MARKETING_VERSION = 1.0;
				PRODUCT_BUNDLE_IDENTIFIER = com.pockylee.LandmarksUITests;
				PRODUCT_NAME = "$(TARGET_NAME)";
				SWIFT_EMIT_LOC_STRINGS = NO;
				SWIFT_VERSION = 5.0;
				TARGETED_DEVICE_FAMILY = "1,2";
				TEST_TARGET_NAME = Landmarks;
			};
			name = Debug;
		};
		75A8B10E2BD1073F005CE01A /* Release */ = {
			isa = XCBuildConfiguration;
			buildSettings = {
				ALWAYS_EMBED_SWIFT_STANDARD_LIBRARIES = YES;
				CODE_SIGN_STYLE = Automatic;
				CURRENT_PROJECT_VERSION = 1;
				GENERATE_INFOPLIST_FILE = YES;
				MARKETING_VERSION = 1.0;
				PRODUCT_BUNDLE_IDENTIFIER = com.pockylee.LandmarksUITests;
				PRODUCT_NAME = "$(TARGET_NAME)";
				SWIFT_EMIT_LOC_STRINGS = NO;
				SWIFT_VERSION = 5.0;
				TARGETED_DEVICE_FAMILY = "1,2";
				TEST_TARGET_NAME = Landmarks;
			};
			name = Release;
		};
/* End XCBuildConfiguration section */

/* Begin XCConfigurationList section */
		75A8B0DD2BD1073D005CE01A /* Build configuration list for PBXProject "Landmarks" */ = {
			isa = XCConfigurationList;
			buildConfigurations = (
				75A8B1042BD1073F005CE01A /* Debug */,
				75A8B1052BD1073F005CE01A /* Release */,
			);
			defaultConfigurationIsVisible = 0;
			defaultConfigurationName = Release;
		};
		75A8B1062BD1073F005CE01A /* Build configuration list for PBXNativeTarget "Landmarks" */ = {
			isa = XCConfigurationList;
			buildConfigurations = (
				75A8B1072BD1073F005CE01A /* Debug */,
				75A8B1082BD1073F005CE01A /* Release */,
			);
			defaultConfigurationIsVisible = 0;
			defaultConfigurationName = Release;
		};
		75A8B1092BD1073F005CE01A /* Build configuration list for PBXNativeTarget "LandmarksTests" */ = {
			isa = XCConfigurationList;
			buildConfigurations = (
				75A8B10A2BD1073F005CE01A /* Debug */,
				75A8B10B2BD1073F005CE01A /* Release */,
			);
			defaultConfigurationIsVisible = 0;
			defaultConfigurationName = Release;
		};
		75A8B10C2BD1073F005CE01A /* Build configuration list for PBXNativeTarget "LandmarksUITests" */ = {
			isa = XCConfigurationList;
			buildConfigurations = (
				75A8B10D2BD1073F005CE01A /* Debug */,
				75A8B10E2BD1073F005CE01A /* Release */,
			);
			defaultConfigurationIsVisible = 0;
			defaultConfigurationName = Release;
		};
/* End XCConfigurationList section */
	};
	rootObject = 75A8B0DA2BD1073D005CE01A /* Project object */;
}
